// !$*UTF8*$!
{
	archiveVersion = 1;
	classes = {
	};
	objectVersion = 56;
	objects = {

/* Begin PBXBuildFile section */
		68B2489D2A534C72004ABCDF /* AppDelegate.swift in Sources */ = {isa = PBXBuildFile; fileRef = 68B2489C2A534C72004ABCDF /* AppDelegate.swift */; };
		68B2489F2A534C72004ABCDF /* SceneDelegate.swift in Sources */ = {isa = PBXBuildFile; fileRef = 68B2489E2A534C72004ABCDF /* SceneDelegate.swift */; };
		68B248A12A534C72004ABCDF /* AuthViewController.swift in Sources */ = {isa = PBXBuildFile; fileRef = 68B248A02A534C72004ABCDF /* AuthViewController.swift */; };
		68B248A42A534C72004ABCDF /* Main.storyboard in Resources */ = {isa = PBXBuildFile; fileRef = 68B248A22A534C72004ABCDF /* Main.storyboard */; };
		68B248A62A534C73004ABCDF /* Assets.xcassets in Resources */ = {isa = PBXBuildFile; fileRef = 68B248A52A534C73004ABCDF /* Assets.xcassets */; };
		68B248A92A534C73004ABCDF /* LaunchScreen.storyboard in Resources */ = {isa = PBXBuildFile; fileRef = 68B248A72A534C73004ABCDF /* LaunchScreen.storyboard */; };
		68B248B12A54A1AF004ABCDF /* LoginViewController.swift in Sources */ = {isa = PBXBuildFile; fileRef = 68B248B02A54A1AF004ABCDF /* LoginViewController.swift */; };
		68B248B32A54A2F4004ABCDF /* CreateAccountViewController.swift in Sources */ = {isa = PBXBuildFile; fileRef = 68B248B22A54A2F4004ABCDF /* CreateAccountViewController.swift */; };
		68B248B52A54A623004ABCDF /* GoogleService-Info.plist in Resources */ = {isa = PBXBuildFile; fileRef = 68B248B42A54A623004ABCDF /* GoogleService-Info.plist */; };
		68B248B82A54A6F8004ABCDF /* FirebaseAuth in Frameworks */ = {isa = PBXBuildFile; productRef = 68B248B72A54A6F8004ABCDF /* FirebaseAuth */; };
		68B248BA2A5C780D004ABCDF /* WarningPopUp.swift in Sources */ = {isa = PBXBuildFile; fileRef = 68B248B92A5C780D004ABCDF /* WarningPopUp.swift */; };
		68B248BC2A5C7835004ABCDF /* WarningPupUpView.xib in Resources */ = {isa = PBXBuildFile; fileRef = 68B248BB2A5C7835004ABCDF /* WarningPupUpView.xib */; };
/* End PBXBuildFile section */

/* Begin PBXFileReference section */
		68B248992A534C72004ABCDF /* inventory-app.app */ = {isa = PBXFileReference; explicitFileType = wrapper.application; includeInIndex = 0; path = "inventory-app.app"; sourceTree = BUILT_PRODUCTS_DIR; };
		68B2489C2A534C72004ABCDF /* AppDelegate.swift */ = {isa = PBXFileReference; lastKnownFileType = sourcecode.swift; path = AppDelegate.swift; sourceTree = "<group>"; };
		68B2489E2A534C72004ABCDF /* SceneDelegate.swift */ = {isa = PBXFileReference; lastKnownFileType = sourcecode.swift; path = SceneDelegate.swift; sourceTree = "<group>"; };
		68B248A02A534C72004ABCDF /* AuthViewController.swift */ = {isa = PBXFileReference; lastKnownFileType = sourcecode.swift; path = AuthViewController.swift; sourceTree = "<group>"; };
		68B248A32A534C72004ABCDF /* Base */ = {isa = PBXFileReference; lastKnownFileType = file.storyboard; name = Base; path = Base.lproj/Main.storyboard; sourceTree = "<group>"; };
		68B248A52A534C73004ABCDF /* Assets.xcassets */ = {isa = PBXFileReference; lastKnownFileType = folder.assetcatalog; path = Assets.xcassets; sourceTree = "<group>"; };
		68B248A82A534C73004ABCDF /* Base */ = {isa = PBXFileReference; lastKnownFileType = file.storyboard; name = Base; path = Base.lproj/LaunchScreen.storyboard; sourceTree = "<group>"; };
		68B248AA2A534C73004ABCDF /* Info.plist */ = {isa = PBXFileReference; lastKnownFileType = text.plist.xml; path = Info.plist; sourceTree = "<group>"; };
		68B248B02A54A1AF004ABCDF /* LoginViewController.swift */ = {isa = PBXFileReference; lastKnownFileType = sourcecode.swift; path = LoginViewController.swift; sourceTree = "<group>"; };
		68B248B22A54A2F4004ABCDF /* CreateAccountViewController.swift */ = {isa = PBXFileReference; lastKnownFileType = sourcecode.swift; path = CreateAccountViewController.swift; sourceTree = "<group>"; };
		68B248B42A54A623004ABCDF /* GoogleService-Info.plist */ = {isa = PBXFileReference; fileEncoding = 4; lastKnownFileType = text.plist.xml; path = "GoogleService-Info.plist"; sourceTree = "<group>"; };
		68B248B92A5C780D004ABCDF /* WarningPopUp.swift */ = {isa = PBXFileReference; lastKnownFileType = sourcecode.swift; path = WarningPopUp.swift; sourceTree = "<group>"; };
		68B248BB2A5C7835004ABCDF /* WarningPupUpView.xib */ = {isa = PBXFileReference; lastKnownFileType = file.xib; path = WarningPupUpView.xib; sourceTree = "<group>"; };
/* End PBXFileReference section */

/* Begin PBXFrameworksBuildPhase section */
		68B248962A534C72004ABCDF /* Frameworks */ = {
			isa = PBXFrameworksBuildPhase;
			buildActionMask = 2147483647;
			files = (
				68B248B82A54A6F8004ABCDF /* FirebaseAuth in Frameworks */,
			);
			runOnlyForDeploymentPostprocessing = 0;
		};
/* End PBXFrameworksBuildPhase section */

/* Begin PBXGroup section */
		68B248902A534C72004ABCDF = {
			isa = PBXGroup;
			children = (
				68B2489B2A534C72004ABCDF /* inventory-app */,
				68B2489A2A534C72004ABCDF /* Products */,
			);
			sourceTree = "<group>";
		};
		68B2489A2A534C72004ABCDF /* Products */ = {
			isa = PBXGroup;
			children = (
				68B248992A534C72004ABCDF /* inventory-app.app */,
			);
			name = Products;
			sourceTree = "<group>";
		};
		68B2489B2A534C72004ABCDF /* inventory-app */ = {
			isa = PBXGroup;
			children = (
				68B2489C2A534C72004ABCDF /* AppDelegate.swift */,
				68B248BB2A5C7835004ABCDF /* WarningPupUpView.xib */,
				68B248B92A5C780D004ABCDF /* WarningPopUp.swift */,
				68B2489E2A534C72004ABCDF /* SceneDelegate.swift */,
				68B248A02A534C72004ABCDF /* AuthViewController.swift */,
				68B248A22A534C72004ABCDF /* Main.storyboard */,
				68B248B22A54A2F4004ABCDF /* CreateAccountViewController.swift */,
				68B248B02A54A1AF004ABCDF /* LoginViewController.swift */,
				68B248A52A534C73004ABCDF /* Assets.xcassets */,
				68B248A72A534C73004ABCDF /* LaunchScreen.storyboard */,
				68B248AA2A534C73004ABCDF /* Info.plist */,
				68B248B42A54A623004ABCDF /* GoogleService-Info.plist */,
			);
			path = "inventory-app";
			sourceTree = "<group>";
		};
/* End PBXGroup section */

/* Begin PBXNativeTarget section */
		68B248982A534C72004ABCDF /* inventory-app */ = {
			isa = PBXNativeTarget;
			buildConfigurationList = 68B248AD2A534C73004ABCDF /* Build configuration list for PBXNativeTarget "inventory-app" */;
			buildPhases = (
				68B248952A534C72004ABCDF /* Sources */,
				68B248962A534C72004ABCDF /* Frameworks */,
				68B248972A534C72004ABCDF /* Resources */,
			);
			buildRules = (
			);
			dependencies = (
			);
			name = "inventory-app";
			packageProductDependencies = (
				68B248B72A54A6F8004ABCDF /* FirebaseAuth */,
			);
			productName = "inventory-app";
			productReference = 68B248992A534C72004ABCDF /* inventory-app.app */;
			productType = "com.apple.product-type.application";
		};
/* End PBXNativeTarget section */

/* Begin PBXProject section */
		68B248912A534C72004ABCDF /* Project object */ = {
			isa = PBXProject;
			attributes = {
				BuildIndependentTargetsInParallel = 1;
				LastSwiftUpdateCheck = 1430;
				LastUpgradeCheck = 1430;
				TargetAttributes = {
					68B248982A534C72004ABCDF = {
						CreatedOnToolsVersion = 14.3;
					};
				};
			};
			buildConfigurationList = 68B248942A534C72004ABCDF /* Build configuration list for PBXProject "inventory-app" */;
			compatibilityVersion = "Xcode 14.0";
			developmentRegion = en;
			hasScannedForEncodings = 0;
			knownRegions = (
				en,
				Base,
			);
			mainGroup = 68B248902A534C72004ABCDF;
			packageReferences = (
				68B248B62A54A6F8004ABCDF /* XCRemoteSwiftPackageReference "firebase-ios-sdk" */,
			);
			productRefGroup = 68B2489A2A534C72004ABCDF /* Products */;
			projectDirPath = "";
			projectRoot = "";
			targets = (
				68B248982A534C72004ABCDF /* inventory-app */,
			);
		};
/* End PBXProject section */

/* Begin PBXResourcesBuildPhase section */
		68B248972A534C72004ABCDF /* Resources */ = {
			isa = PBXResourcesBuildPhase;
			buildActionMask = 2147483647;
			files = (
				68B248A92A534C73004ABCDF /* LaunchScreen.storyboard in Resources */,
				68B248B52A54A623004ABCDF /* GoogleService-Info.plist in Resources */,
				68B248A62A534C73004ABCDF /* Assets.xcassets in Resources */,
				68B248A42A534C72004ABCDF /* Main.storyboard in Resources */,
				68B248BC2A5C7835004ABCDF /* WarningPupUpView.xib in Resources */,
			);
			runOnlyForDeploymentPostprocessing = 0;
		};
/* End PBXResourcesBuildPhase section */

/* Begin PBXSourcesBuildPhase section */
		68B248952A534C72004ABCDF /* Sources */ = {
			isa = PBXSourcesBuildPhase;
			buildActionMask = 2147483647;
			files = (
				68B248B32A54A2F4004ABCDF /* CreateAccountViewController.swift in Sources */,
				68B248BA2A5C780D004ABCDF /* WarningPopUp.swift in Sources */,
				68B248B12A54A1AF004ABCDF /* LoginViewController.swift in Sources */,
				68B248A12A534C72004ABCDF /* AuthViewController.swift in Sources */,
				68B2489D2A534C72004ABCDF /* AppDelegate.swift in Sources */,
				68B2489F2A534C72004ABCDF /* SceneDelegate.swift in Sources */,
			);
			runOnlyForDeploymentPostprocessing = 0;
		};
/* End PBXSourcesBuildPhase section */

/* Begin PBXVariantGroup section */
		68B248A22A534C72004ABCDF /* Main.storyboard */ = {
			isa = PBXVariantGroup;
			children = (
				68B248A32A534C72004ABCDF /* Base */,
			);
			name = Main.storyboard;
			sourceTree = "<group>";
		};
		68B248A72A534C73004ABCDF /* LaunchScreen.storyboard */ = {
			isa = PBXVariantGroup;
			children = (
				68B248A82A534C73004ABCDF /* Base */,
			);
			name = LaunchScreen.storyboard;
			sourceTree = "<group>";
		};
/* End PBXVariantGroup section */

/* Begin XCBuildConfiguration section */
		68B248AB2A534C73004ABCDF /* Debug */ = {
			isa = XCBuildConfiguration;
			buildSettings = {
				ALWAYS_SEARCH_USER_PATHS = NO;
				CLANG_ANALYZER_NONNULL = YES;
				CLANG_ANALYZER_NUMBER_OBJECT_CONVERSION = YES_AGGRESSIVE;
				CLANG_CXX_LANGUAGE_STANDARD = "gnu++20";
				CLANG_ENABLE_MODULES = YES;
				CLANG_ENABLE_OBJC_ARC = YES;
				CLANG_ENABLE_OBJC_WEAK = YES;
				CLANG_WARN_BLOCK_CAPTURE_AUTORELEASING = YES;
				CLANG_WARN_BOOL_CONVERSION = YES;
				CLANG_WARN_COMMA = YES;
				CLANG_WARN_CONSTANT_CONVERSION = YES;
				CLANG_WARN_DEPRECATED_OBJC_IMPLEMENTATIONS = YES;
				CLANG_WARN_DIRECT_OBJC_ISA_USAGE = YES_ERROR;
				CLANG_WARN_DOCUMENTATION_COMMENTS = YES;
				CLANG_WARN_EMPTY_BODY = YES;
				CLANG_WARN_ENUM_CONVERSION = YES;
				CLANG_WARN_INFINITE_RECURSION = YES;
				CLANG_WARN_INT_CONVERSION = YES;
				CLANG_WARN_NON_LITERAL_NULL_CONVERSION = YES;
				CLANG_WARN_OBJC_IMPLICIT_RETAIN_SELF = YES;
				CLANG_WARN_OBJC_LITERAL_CONVERSION = YES;
				CLANG_WARN_OBJC_ROOT_CLASS = YES_ERROR;
				CLANG_WARN_QUOTED_INCLUDE_IN_FRAMEWORK_HEADER = YES;
				CLANG_WARN_RANGE_LOOP_ANALYSIS = YES;
				CLANG_WARN_STRICT_PROTOTYPES = YES;
				CLANG_WARN_SUSPICIOUS_MOVE = YES;
				CLANG_WARN_UNGUARDED_AVAILABILITY = YES_AGGRESSIVE;
				CLANG_WARN_UNREACHABLE_CODE = YES;
				CLANG_WARN__DUPLICATE_METHOD_MATCH = YES;
				COPY_PHASE_STRIP = NO;
				DEBUG_INFORMATION_FORMAT = dwarf;
				ENABLE_STRICT_OBJC_MSGSEND = YES;
				ENABLE_TESTABILITY = YES;
				GCC_C_LANGUAGE_STANDARD = gnu11;
				GCC_DYNAMIC_NO_PIC = NO;
				GCC_NO_COMMON_BLOCKS = YES;
				GCC_OPTIMIZATION_LEVEL = 0;
				GCC_PREPROCESSOR_DEFINITIONS = (
					"DEBUG=1",
					"$(inherited)",
				);
				GCC_WARN_64_TO_32_BIT_CONVERSION = YES;
				GCC_WARN_ABOUT_RETURN_TYPE = YES_ERROR;
				GCC_WARN_UNDECLARED_SELECTOR = YES;
				GCC_WARN_UNINITIALIZED_AUTOS = YES_AGGRESSIVE;
				GCC_WARN_UNUSED_FUNCTION = YES;
				GCC_WARN_UNUSED_VARIABLE = YES;
				IPHONEOS_DEPLOYMENT_TARGET = 16.4;
				MTL_ENABLE_DEBUG_INFO = INCLUDE_SOURCE;
				MTL_FAST_MATH = YES;
				ONLY_ACTIVE_ARCH = YES;
				SDKROOT = iphoneos;
				SWIFT_ACTIVE_COMPILATION_CONDITIONS = DEBUG;
				SWIFT_OPTIMIZATION_LEVEL = "-Onone";
			};
			name = Debug;
		};
		68B248AC2A534C73004ABCDF /* Release */ = {
			isa = XCBuildConfiguration;
			buildSettings = {
				ALWAYS_SEARCH_USER_PATHS = NO;
				CLANG_ANALYZER_NONNULL = YES;
				CLANG_ANALYZER_NUMBER_OBJECT_CONVERSION = YES_AGGRESSIVE;
				CLANG_CXX_LANGUAGE_STANDARD = "gnu++20";
				CLANG_ENABLE_MODULES = YES;
				CLANG_ENABLE_OBJC_ARC = YES;
				CLANG_ENABLE_OBJC_WEAK = YES;
				CLANG_WARN_BLOCK_CAPTURE_AUTORELEASING = YES;
				CLANG_WARN_BOOL_CONVERSION = YES;
				CLANG_WARN_COMMA = YES;
				CLANG_WARN_CONSTANT_CONVERSION = YES;
				CLANG_WARN_DEPRECATED_OBJC_IMPLEMENTATIONS = YES;
				CLANG_WARN_DIRECT_OBJC_ISA_USAGE = YES_ERROR;
				CLANG_WARN_DOCUMENTATION_COMMENTS = YES;
				CLANG_WARN_EMPTY_BODY = YES;
				CLANG_WARN_ENUM_CONVERSION = YES;
				CLANG_WARN_INFINITE_RECURSION = YES;
				CLANG_WARN_INT_CONVERSION = YES;
				CLANG_WARN_NON_LITERAL_NULL_CONVERSION = YES;
				CLANG_WARN_OBJC_IMPLICIT_RETAIN_SELF = YES;
				CLANG_WARN_OBJC_LITERAL_CONVERSION = YES;
				CLANG_WARN_OBJC_ROOT_CLASS = YES_ERROR;
				CLANG_WARN_QUOTED_INCLUDE_IN_FRAMEWORK_HEADER = YES;
				CLANG_WARN_RANGE_LOOP_ANALYSIS = YES;
				CLANG_WARN_STRICT_PROTOTYPES = YES;
				CLANG_WARN_SUSPICIOUS_MOVE = YES;
				CLANG_WARN_UNGUARDED_AVAILABILITY = YES_AGGRESSIVE;
				CLANG_WARN_UNREACHABLE_CODE = YES;
				CLANG_WARN__DUPLICATE_METHOD_MATCH = YES;
				COPY_PHASE_STRIP = NO;
				DEBUG_INFORMATION_FORMAT = "dwarf-with-dsym";
				ENABLE_NS_ASSERTIONS = NO;
				ENABLE_STRICT_OBJC_MSGSEND = YES;
				GCC_C_LANGUAGE_STANDARD = gnu11;
				GCC_NO_COMMON_BLOCKS = YES;
				GCC_WARN_64_TO_32_BIT_CONVERSION = YES;
				GCC_WARN_ABOUT_RETURN_TYPE = YES_ERROR;
				GCC_WARN_UNDECLARED_SELECTOR = YES;
				GCC_WARN_UNINITIALIZED_AUTOS = YES_AGGRESSIVE;
				GCC_WARN_UNUSED_FUNCTION = YES;
				GCC_WARN_UNUSED_VARIABLE = YES;
				IPHONEOS_DEPLOYMENT_TARGET = 16.4;
				MTL_ENABLE_DEBUG_INFO = NO;
				MTL_FAST_MATH = YES;
				SDKROOT = iphoneos;
				SWIFT_COMPILATION_MODE = wholemodule;
				SWIFT_OPTIMIZATION_LEVEL = "-O";
				VALIDATE_PRODUCT = YES;
			};
			name = Release;
		};
		68B248AE2A534C73004ABCDF /* Debug */ = {
			isa = XCBuildConfiguration;
			buildSettings = {
				ASSETCATALOG_COMPILER_APPICON_NAME = AppIcon;
				ASSETCATALOG_COMPILER_GLOBAL_ACCENT_COLOR_NAME = AccentColor;
				CODE_SIGN_STYLE = Automatic;
				CURRENT_PROJECT_VERSION = 1;
				GENERATE_INFOPLIST_FILE = YES;
				INFOPLIST_FILE = "inventory-app/Info.plist";
				INFOPLIST_KEY_UIApplicationSupportsIndirectInputEvents = YES;
				INFOPLIST_KEY_UILaunchStoryboardName = LaunchScreen;
				INFOPLIST_KEY_UIMainStoryboardFile = Main;
				INFOPLIST_KEY_UISupportedInterfaceOrientations_iPad = "UIInterfaceOrientationPortrait UIInterfaceOrientationPortraitUpsideDown UIInterfaceOrientationLandscapeLeft UIInterfaceOrientationLandscapeRight";
				INFOPLIST_KEY_UISupportedInterfaceOrientations_iPhone = "UIInterfaceOrientationPortrait UIInterfaceOrientationLandscapeLeft UIInterfaceOrientationLandscapeRight";
				LD_RUNPATH_SEARCH_PATHS = (
					"$(inherited)",
					"@executable_path/Frameworks",
				);
				MARKETING_VERSION = 1.0;
				PRODUCT_BUNDLE_IDENTIFIER = "jdop.intekglobal.inventory-app";
				PRODUCT_NAME = "$(TARGET_NAME)";
				SWIFT_EMIT_LOC_STRINGS = YES;
				SWIFT_VERSION = 5.0;
				TARGETED_DEVICE_FAMILY = "1,2";
			};
			name = Debug;
		};
		68B248AF2A534C73004ABCDF /* Release */ = {
			isa = XCBuildConfiguration;
			buildSettings = {
				ASSETCATALOG_COMPILER_APPICON_NAME = AppIcon;
				ASSETCATALOG_COMPILER_GLOBAL_ACCENT_COLOR_NAME = AccentColor;
				CODE_SIGN_STYLE = Automatic;
				CURRENT_PROJECT_VERSION = 1;
				GENERATE_INFOPLIST_FILE = YES;
				INFOPLIST_FILE = "inventory-app/Info.plist";
				INFOPLIST_KEY_UIApplicationSupportsIndirectInputEvents = YES;
				INFOPLIST_KEY_UILaunchStoryboardName = LaunchScreen;
				INFOPLIST_KEY_UIMainStoryboardFile = Main;
				INFOPLIST_KEY_UISupportedInterfaceOrientations_iPad = "UIInterfaceOrientationPortrait UIInterfaceOrientationPortraitUpsideDown UIInterfaceOrientationLandscapeLeft UIInterfaceOrientationLandscapeRight";
				INFOPLIST_KEY_UISupportedInterfaceOrientations_iPhone = "UIInterfaceOrientationPortrait UIInterfaceOrientationLandscapeLeft UIInterfaceOrientationLandscapeRight";
				LD_RUNPATH_SEARCH_PATHS = (
					"$(inherited)",
					"@executable_path/Frameworks",
				);
				MARKETING_VERSION = 1.0;
				PRODUCT_BUNDLE_IDENTIFIER = "jdop.intekglobal.inventory-app";
				PRODUCT_NAME = "$(TARGET_NAME)";
				SWIFT_EMIT_LOC_STRINGS = YES;
				SWIFT_VERSION = 5.0;
				TARGETED_DEVICE_FAMILY = "1,2";
			};
			name = Release;
		};
/* End XCBuildConfiguration section */

/* Begin XCConfigurationList section */
		68B248942A534C72004ABCDF /* Build configuration list for PBXProject "inventory-app" */ = {
			isa = XCConfigurationList;
			buildConfigurations = (
				68B248AB2A534C73004ABCDF /* Debug */,
				68B248AC2A534C73004ABCDF /* Release */,
			);
			defaultConfigurationIsVisible = 0;
			defaultConfigurationName = Release;
		};
		68B248AD2A534C73004ABCDF /* Build configuration list for PBXNativeTarget "inventory-app" */ = {
			isa = XCConfigurationList;
			buildConfigurations = (
				68B248AE2A534C73004ABCDF /* Debug */,
				68B248AF2A534C73004ABCDF /* Release */,
			);
			defaultConfigurationIsVisible = 0;
			defaultConfigurationName = Release;
		};
/* End XCConfigurationList section */

/* Begin XCRemoteSwiftPackageReference section */
		68B248B62A54A6F8004ABCDF /* XCRemoteSwiftPackageReference "firebase-ios-sdk" */ = {
			isa = XCRemoteSwiftPackageReference;
			repositoryURL = "https://github.com/firebase/firebase-ios-sdk";
			requirement = {
				kind = upToNextMajorVersion;
				minimumVersion = 10.0.0;
			};
		};
/* End XCRemoteSwiftPackageReference section */

/* Begin XCSwiftPackageProductDependency section */
		68B248B72A54A6F8004ABCDF /* FirebaseAuth */ = {
			isa = XCSwiftPackageProductDependency;
			package = 68B248B62A54A6F8004ABCDF /* XCRemoteSwiftPackageReference "firebase-ios-sdk" */;
			productName = FirebaseAuth;
		};
/* End XCSwiftPackageProductDependency section */
	};
	rootObject = 68B248912A534C72004ABCDF /* Project object */;
}
